// !$*UTF8*$!
{
	archiveVersion = 1;
	classes = {
	};
	objectVersion = 77;
	objects = {

/* Begin PBXBuildFile section */
		A00000000000000000000001 /* RawCullSAM3MaskBuilder in Copy Helper */ = {isa = PBXBuildFile; fileRef = A00000000000000000000002 /* RawCullSAM3MaskBuilder */; settings = {ATTRIBUTES = (CodeSignOnCopy, ); }; };
		A00000000000000000000003 /* RawCullCore in Frameworks */ = {isa = PBXBuildFile; productRef = E9634D6B2FD1D1A0009E567D /* RawCullCore */; };
		A00000000000000000000004 /* RawParserKit in Frameworks */ = {isa = PBXBuildFile; productRef = E9634D6E2FD1D1B9009E567D /* RawParserKit */; };
		A00000000000000000000005 /* CoreAISegmentation in Frameworks */ = {isa = PBXBuildFile; productRef = E9A110022F37A00000CA1A13 /* CoreAISegmentation */; };
		A00000000000000000000006 /* DecodeEncodeGeneric in Frameworks */ = {isa = PBXBuildFile; productRef = E9B609842F28FA3600704081 /* DecodeEncodeGeneric */; };
		A00000000000000000000007 /* RsyncProcessStreaming in Frameworks */ = {isa = PBXBuildFile; productRef = E9C5897C2F2CA0AC00D8B063 /* RsyncProcessStreaming */; };
		A00000000000000000000008 /* RsyncArguments in Frameworks */ = {isa = PBXBuildFile; productRef = E92712B22F2CF57E00A681D0 /* RsyncArguments */; };
		A00000000000000000000009 /* RsyncAnalyse in Frameworks */ = {isa = PBXBuildFile; productRef = E9D876E52F3B053B00119643 /* RsyncAnalyse */; };
		A0000000000000000000000A /* ParseRsyncOutput in Frameworks */ = {isa = PBXBuildFile; productRef = E952AA612F2E37170081987F /* ParseRsyncOutput */; };
		A2A66B0BEE3B49A2A6723A52 /* RawCullCore in Frameworks */ = {isa = PBXBuildFile; productRef = B9E553169D0B46E0B6F5FE4F /* RawCullCore */; };
		E92712B32F2CF57E00A681D0 /* RsyncArguments in Frameworks */ = {isa = PBXBuildFile; productRef = E92712B22F2CF57E00A681D0 /* RsyncArguments */; };
		E952AA622F2E37170081987F /* ParseRsyncOutput in Frameworks */ = {isa = PBXBuildFile; productRef = E952AA612F2E37170081987F /* ParseRsyncOutput */; };
		E9634D6C2FD1D1A0009E567D /* RawCullCore in Frameworks */ = {isa = PBXBuildFile; productRef = E9634D6B2FD1D1A0009E567D /* RawCullCore */; };
		E9634D6F2FD1D1B9009E567D /* RawParserKit in Frameworks */ = {isa = PBXBuildFile; productRef = E9634D6E2FD1D1B9009E567D /* RawParserKit */; };
		E97E976C2F210EAB001A4239 /* Assets.xcassets in Resources */ = {isa = PBXBuildFile; fileRef = E97E975C2F210EAB001A4239 /* Assets.xcassets */; };
		E97E976D2F210EAB001A4239 /* RawCullicon.icon in Resources */ = {isa = PBXBuildFile; fileRef = E97E975D2F210EAB001A4239 /* RawCullicon.icon */; };
		E9A110032F37A00000CA1A13 /* CoreAISegmentation in Frameworks */ = {isa = PBXBuildFile; productRef = E9A110022F37A00000CA1A13 /* CoreAISegmentation */; };
		E9B609852F28FA3600704081 /* DecodeEncodeGeneric in Frameworks */ = {isa = PBXBuildFile; productRef = E9B609842F28FA3600704081 /* DecodeEncodeGeneric */; };
		E9C5897D2F2CA0AC00D8B063 /* RsyncProcessStreaming in Frameworks */ = {isa = PBXBuildFile; productRef = E9C5897C2F2CA0AC00D8B063 /* RsyncProcessStreaming */; };
		E9D876E62F3B053B00119643 /* RsyncAnalyse in Frameworks */ = {isa = PBXBuildFile; productRef = E9D876E52F3B053B00119643 /* RsyncAnalyse */; };
/* End PBXBuildFile section */

/* Begin PBXContainerItemProxy section */
		2892081A5CC64AF9827105B9 /* PBXContainerItemProxy */ = {
			isa = PBXContainerItemProxy;
			containerPortal = E90B079A2F1E58EA00A95D4A /* Project object */;
			proxyType = 1;
			remoteGlobalIDString = E90B07A12F1E58EA00A95D4A;
			remoteInfo = RawCullSAM3;
		};
		A0000000000000000000000B /* PBXContainerItemProxy */ = {
			isa = PBXContainerItemProxy;
			containerPortal = E90B079A2F1E58EA00A95D4A /* Project object */;
			proxyType = 1;
			remoteGlobalIDString = A0000000000000000000000C;
			remoteInfo = RawCullSAM3MaskBuilder;
		};
/* End PBXContainerItemProxy section */

/* Begin PBXCopyFilesBuildPhase section */
		A00000000000000000000010 /* Copy Helper */ = {
			isa = PBXCopyFilesBuildPhase;
			buildActionMask = 2147483647;
			dstPath = "";
			dstSubfolderSpec = 6;
			files = (
				A00000000000000000000001 /* RawCullSAM3MaskBuilder in Copy Helper */,
			);
			name = "Copy Helper";
			runOnlyForDeploymentPostprocessing = 0;
		};
/* End PBXCopyFilesBuildPhase section */

/* Begin PBXFileReference section */
		333BB66673B648EC8222FD0E /* RawCullSAM3Tests.xctest */ = {isa = PBXFileReference; explicitFileType = wrapper.cfbundle; includeInIndex = 0; path = RawCullSAM3Tests.xctest; sourceTree = BUILT_PRODUCTS_DIR; };
		A00000000000000000000002 /* RawCullSAM3MaskBuilder */ = {isa = PBXFileReference; explicitFileType = "compiled.mach-o.executable"; includeInIndex = 0; path = RawCullSAM3MaskBuilder; sourceTree = BUILT_PRODUCTS_DIR; };
		A00000000000000000000014 /* RawCullSAM3MaskBuilder.entitlements */ = {isa = PBXFileReference; lastKnownFileType = text.plist.entitlements; path = RawCullSAM3MaskBuilder.entitlements; sourceTree = "<group>"; };
		A00000000000000000000016 /* RawCullSAM3/Resources/Models */ = {isa = PBXFileReference; lastKnownFileType = folder; path = RawCullSAM3/Resources/Models; sourceTree = "<group>"; };
		E90B07A22F1E58EA00A95D4A /* RawCullSAM3.app */ = {isa = PBXFileReference; explicitFileType = wrapper.application; includeInIndex = 0; path = RawCullSAM3.app; sourceTree = BUILT_PRODUCTS_DIR; };
		E97E975C2F210EAB001A4239 /* Assets.xcassets */ = {isa = PBXFileReference; lastKnownFileType = folder.assetcatalog; path = Assets.xcassets; sourceTree = "<group>"; };
		E97E975D2F210EAB001A4239 /* RawCullicon.icon */ = {isa = PBXFileReference; lastKnownFileType = folder.iconcomposer.icon; path = RawCullicon.icon; sourceTree = "<group>"; };
		E97E975E2F210EAB001A4239 /* RawCullSAM3.entitlements */ = {isa = PBXFileReference; lastKnownFileType = text.plist.entitlements; path = RawCullSAM3.entitlements; sourceTree = "<group>"; };
/* End PBXFileReference section */

/* Begin PBXFileSystemSynchronizedRootGroup section */
		76194C2A2AF449BFAD9801B9 /* RawCullSAM3Tests */ = {
			isa = PBXFileSystemSynchronizedRootGroup;
			path = RawCullSAM3Tests;
			sourceTree = "<group>";
		};
		E90B07A42F1E58EA00A95D4A /* RawCullSAM3 */ = {
			isa = PBXFileSystemSynchronizedRootGroup;
			path = RawCullSAM3;
			sourceTree = "<group>";
		};
/* End PBXFileSystemSynchronizedRootGroup section */

/* Begin PBXFrameworksBuildPhase section */
		A0000000000000000000000D /* Frameworks */ = {
			isa = PBXFrameworksBuildPhase;
			buildActionMask = 2147483647;
			files = (
				A00000000000000000000003 /* RawCullCore in Frameworks */,
				A00000000000000000000008 /* RsyncArguments in Frameworks */,
				A00000000000000000000004 /* RawParserKit in Frameworks */,
				A00000000000000000000006 /* DecodeEncodeGeneric in Frameworks */,
				A00000000000000000000007 /* RsyncProcessStreaming in Frameworks */,
				A00000000000000000000005 /* CoreAISegmentation in Frameworks */,
				A00000000000000000000009 /* RsyncAnalyse in Frameworks */,
				A0000000000000000000000A /* ParseRsyncOutput in Frameworks */,
			);
			runOnlyForDeploymentPostprocessing = 0;
		};
		B37F837B220D45D0ADA3C37F /* Frameworks */ = {
			isa = PBXFrameworksBuildPhase;
			buildActionMask = 2147483647;
			files = (
				A2A66B0BEE3B49A2A6723A52 /* RawCullCore in Frameworks */,
			);
			runOnlyForDeploymentPostprocessing = 0;
		};
		E90B079F2F1E58EA00A95D4A /* Frameworks */ = {
			isa = PBXFrameworksBuildPhase;
			buildActionMask = 2147483647;
			files = (
				E9634D6C2FD1D1A0009E567D /* RawCullCore in Frameworks */,
				E92712B32F2CF57E00A681D0 /* RsyncArguments in Frameworks */,
				E9634D6F2FD1D1B9009E567D /* RawParserKit in Frameworks */,
				E9B609852F28FA3600704081 /* DecodeEncodeGeneric in Frameworks */,
				E9C5897D2F2CA0AC00D8B063 /* RsyncProcessStreaming in Frameworks */,
				E9A110032F37A00000CA1A13 /* CoreAISegmentation in Frameworks */,
				E9D876E62F3B053B00119643 /* RsyncAnalyse in Frameworks */,
				E952AA622F2E37170081987F /* ParseRsyncOutput in Frameworks */,
			);
			runOnlyForDeploymentPostprocessing = 0;
		};
/* End PBXFrameworksBuildPhase section */

/* Begin PBXGroup section */
		E90B07992F1E58EA00A95D4A = {
			isa = PBXGroup;
			children = (
				E97E975C2F210EAB001A4239 /* Assets.xcassets */,
				E97E975D2F210EAB001A4239 /* RawCullicon.icon */,
				E97E975E2F210EAB001A4239 /* RawCullSAM3.entitlements */,
				A00000000000000000000014 /* RawCullSAM3MaskBuilder.entitlements */,
				A00000000000000000000016 /* RawCullSAM3/Resources/Models */,
				E90B07A42F1E58EA00A95D4A /* RawCullSAM3 */,
				76194C2A2AF449BFAD9801B9 /* RawCullSAM3Tests */,
				E90B07A32F1E58EA00A95D4A /* Products */,
			);
			sourceTree = "<group>";
		};
		E90B07A32F1E58EA00A95D4A /* Products */ = {
			isa = PBXGroup;
			children = (
				E90B07A22F1E58EA00A95D4A /* RawCullSAM3.app */,
				A00000000000000000000002 /* RawCullSAM3MaskBuilder */,
				333BB66673B648EC8222FD0E /* RawCullSAM3Tests.xctest */,
			);
			name = Products;
			sourceTree = "<group>";
		};
/* End PBXGroup section */

/* Begin PBXNativeTarget section */
		5461A5B2FEC44E7E9F05B0A9 /* RawCullSAM3Tests */ = {
			isa = PBXNativeTarget;
			buildConfigurationList = BBEE5E760C504CEFAD52FE05 /* Build configuration list for PBXNativeTarget "RawCullSAM3Tests" */;
			buildPhases = (
				34F079219DF8410D852D9900 /* Sources */,
				B37F837B220D45D0ADA3C37F /* Frameworks */,
				C7BB548B64CF46DC9B5BC682 /* Resources */,
			);
			buildRules = (
			);
			dependencies = (
				BE6762B0EE904C5E93681D67 /* PBXTargetDependency */,
			);
			fileSystemSynchronizedGroups = (
				76194C2A2AF449BFAD9801B9 /* RawCullSAM3Tests */,
			);
			name = RawCullSAM3Tests;
			packageProductDependencies = (
				B9E553169D0B46E0B6F5FE4F /* RawCullCore */,
			);
			productName = RawCullSAM3Tests;
			productReference = 333BB66673B648EC8222FD0E /* RawCullSAM3Tests.xctest */;
			productType = "com.apple.product-type.bundle.unit-test";
		};
		A0000000000000000000000C /* RawCullSAM3MaskBuilder */ = {
			isa = PBXNativeTarget;
			buildConfigurationList = A00000000000000000000011 /* Build configuration list for PBXNativeTarget "RawCullSAM3MaskBuilder" */;
			buildPhases = (
				A0000000000000000000000E /* Sources */,
				A0000000000000000000000D /* Frameworks */,
			);
			buildRules = (
			);
			dependencies = (
			);
			fileSystemSynchronizedGroups = (
				E90B07A42F1E58EA00A95D4A /* RawCullSAM3 */,
			);
			name = RawCullSAM3MaskBuilder;
			packageProductDependencies = (
				E9B609842F28FA3600704081 /* DecodeEncodeGeneric */,
				E9C5897C2F2CA0AC00D8B063 /* RsyncProcessStreaming */,
				E92712B22F2CF57E00A681D0 /* RsyncArguments */,
				E952AA612F2E37170081987F /* ParseRsyncOutput */,
				E9D876E52F3B053B00119643 /* RsyncAnalyse */,
				E9634D6B2FD1D1A0009E567D /* RawCullCore */,
				E9634D6E2FD1D1B9009E567D /* RawParserKit */,
				E9A110022F37A00000CA1A13 /* CoreAISegmentation */,
			);
			productName = RawCullSAM3MaskBuilder;
			productReference = A00000000000000000000002 /* RawCullSAM3MaskBuilder */;
			productType = "com.apple.product-type.tool";
		};
		E90B07A12F1E58EA00A95D4A /* RawCullSAM3 */ = {
			isa = PBXNativeTarget;
			buildConfigurationList = E90B07AD2F1E58EB00A95D4A /* Build configuration list for PBXNativeTarget "RawCullSAM3" */;
			buildPhases = (
				E90B079E2F1E58EA00A95D4A /* Sources */,
				E90B079F2F1E58EA00A95D4A /* Frameworks */,
				E90B07A02F1E58EA00A95D4A /* Resources */,
				A00000000000000000000010 /* Copy Helper */,
			);
			buildRules = (
			);
			dependencies = (
				A0000000000000000000000F /* PBXTargetDependency */,
			);
			fileSystemSynchronizedGroups = (
				E90B07A42F1E58EA00A95D4A /* RawCullSAM3 */,
			);
			name = RawCullSAM3;
			packageProductDependencies = (
				E9B609842F28FA3600704081 /* DecodeEncodeGeneric */,
				E9C5897C2F2CA0AC00D8B063 /* RsyncProcessStreaming */,
				E92712B22F2CF57E00A681D0 /* RsyncArguments */,
				E952AA612F2E37170081987F /* ParseRsyncOutput */,
				E9D876E52F3B053B00119643 /* RsyncAnalyse */,
				E9634D6B2FD1D1A0009E567D /* RawCullCore */,
				E9634D6E2FD1D1B9009E567D /* RawParserKit */,
				E9A110022F37A00000CA1A13 /* CoreAISegmentation */,
			);
			productName = RawCullSAM3;
			productReference = E90B07A22F1E58EA00A95D4A /* RawCullSAM3.app */;
			productType = "com.apple.product-type.application";
		};
/* End PBXNativeTarget section */

/* Begin PBXProject section */
		E90B079A2F1E58EA00A95D4A /* Project object */ = {
			isa = PBXProject;
			attributes = {
				BuildIndependentTargetsInParallel = 1;
				LastSwiftUpdateCheck = 2620;
				LastUpgradeCheck = 2700;
				TargetAttributes = {
					5461A5B2FEC44E7E9F05B0A9 = {
						CreatedOnToolsVersion = 26.2;
						TestTargetID = E90B07A12F1E58EA00A95D4A;
					};
					A0000000000000000000000C = {
						CreatedOnToolsVersion = 26.2;
					};
					E90B07A12F1E58EA00A95D4A = {
						CreatedOnToolsVersion = 26.2;
					};
				};
			};
			buildConfigurationList = E90B079D2F1E58EA00A95D4A /* Build configuration list for PBXProject "RawCullSAM3" */;
			developmentRegion = en;
			hasScannedForEncodings = 0;
			knownRegions = (
				en,
				Base,
			);
			mainGroup = E90B07992F1E58EA00A95D4A;
			minimizedProjectReferenceProxies = 1;
			packageReferences = (
				E9B609832F28FA3600704081 /* XCRemoteSwiftPackageReference "DecodeEncodeGeneric" */,
				E9C5897B2F2CA0AC00D8B063 /* XCRemoteSwiftPackageReference "RsyncProcessStreaming" */,
				E92712B12F2CF57E00A681D0 /* XCRemoteSwiftPackageReference "RsyncArguments" */,
				E952AA602F2E37170081987F /* XCRemoteSwiftPackageReference "ParseRsyncOutput" */,
				E9D876E42F3B053B00119643 /* XCRemoteSwiftPackageReference "RsyncAnalyse" */,
				E9634D6A2FD1D1A0009E567D /* XCRemoteSwiftPackageReference "RawCullCore" */,
				E9634D6D2FD1D1B9009E567D /* XCRemoteSwiftPackageReference "RawParserKit" */,
				E9A110012F37A00000CA1A13 /* XCRemoteSwiftPackageReference "coreai-models" */,
			);
			preferredProjectObjectVersion = 77;
			productRefGroup = E90B07A32F1E58EA00A95D4A /* Products */;
			projectDirPath = "";
			projectRoot = "";
			targets = (
				E90B07A12F1E58EA00A95D4A /* RawCullSAM3 */,
				A0000000000000000000000C /* RawCullSAM3MaskBuilder */,
				5461A5B2FEC44E7E9F05B0A9 /* RawCullSAM3Tests */,
			);
		};
/* End PBXProject section */

/* Begin PBXResourcesBuildPhase section */
		C7BB548B64CF46DC9B5BC682 /* Resources */ = {
			isa = PBXResourcesBuildPhase;
			buildActionMask = 2147483647;
			files = (
			);
			runOnlyForDeploymentPostprocessing = 0;
		};
		E90B07A02F1E58EA00A95D4A /* Resources */ = {
			isa = PBXResourcesBuildPhase;
			buildActionMask = 2147483647;
			files = (
				E97E976C2F210EAB001A4239 /* Assets.xcassets in Resources */,
				E97E976D2F210EAB001A4239 /* RawCullicon.icon in Resources */,
			);
			runOnlyForDeploymentPostprocessing = 0;
		};
/* End PBXResourcesBuildPhase section */

/* Begin PBXSourcesBuildPhase section */
		34F079219DF8410D852D9900 /* Sources */ = {
			isa = PBXSourcesBuildPhase;
			buildActionMask = 2147483647;
			files = (
			);
			runOnlyForDeploymentPostprocessing = 0;
		};
		A0000000000000000000000E /* Sources */ = {
			isa = PBXSourcesBuildPhase;
			buildActionMask = 2147483647;
			files = (
			);
			runOnlyForDeploymentPostprocessing = 0;
		};
		E90B079E2F1E58EA00A95D4A /* Sources */ = {
			isa = PBXSourcesBuildPhase;
			buildActionMask = 2147483647;
			files = (
			);
			runOnlyForDeploymentPostprocessing = 0;
		};
/* End PBXSourcesBuildPhase section */

/* Begin PBXTargetDependency section */
		A0000000000000000000000F /* PBXTargetDependency */ = {
			isa = PBXTargetDependency;
			target = A0000000000000000000000C /* RawCullSAM3MaskBuilder */;
			targetProxy = A0000000000000000000000B /* PBXContainerItemProxy */;
		};
		BE6762B0EE904C5E93681D67 /* PBXTargetDependency */ = {
			isa = PBXTargetDependency;
			target = E90B07A12F1E58EA00A95D4A /* RawCullSAM3 */;
			targetProxy = 2892081A5CC64AF9827105B9 /* PBXContainerItemProxy */;
		};
/* End PBXTargetDependency section */

/* Begin XCBuildConfiguration section */
		3B4D25F32B64430EBE72C256 /* Debug */ = {
			isa = XCBuildConfiguration;
			buildSettings = {
				BUNDLE_LOADER = "$(TEST_HOST)";
				CLANG_ENABLE_MODULES = YES;
				CODE_SIGN_STYLE = Automatic;
				CURRENT_PROJECT_VERSION = 1;
				DEAD_CODE_STRIPPING = YES;
				DEVELOPMENT_TEAM = 93M47F4H9T;
				GENERATE_INFOPLIST_FILE = YES;
				MACOSX_DEPLOYMENT_TARGET = 27.0;
				MARKETING_VERSION = 1.0;
				PRODUCT_BUNDLE_IDENTIFIER = no.blogspot.RawCullSAM3Tests;
				PRODUCT_NAME = "$(TARGET_NAME)";
				STRING_CATALOG_GENERATE_SYMBOLS = NO;
				SWIFT_APPROACHABLE_CONCURRENCY = YES;
				SWIFT_DEFAULT_ACTOR_ISOLATION = MainActor;
				SWIFT_EMIT_LOC_STRINGS = NO;
				SWIFT_OPTIMIZATION_LEVEL = "-Onone";
				SWIFT_UPCOMING_FEATURE_DISABLE_OUTWARD_ACTOR_ISOLATION = YES;
				SWIFT_UPCOMING_FEATURE_MEMBER_IMPORT_VISIBILITY = YES;
				SWIFT_VERSION = 6.0;
				TEST_HOST = "$(BUILT_PRODUCTS_DIR)/RawCullSAM3.app/$(BUNDLE_EXECUTABLE_FOLDER_PATH)/RawCullSAM3";
			};
			name = Debug;
		};
		5446551D2F7545E99CE9098E /* Release */ = {
			isa = XCBuildConfiguration;
			buildSettings = {
				BUNDLE_LOADER = "$(TEST_HOST)";
				CLANG_ENABLE_MODULES = YES;
				CODE_SIGN_STYLE = Automatic;
				CURRENT_PROJECT_VERSION = 1;
				DEAD_CODE_STRIPPING = YES;
				DEVELOPMENT_TEAM = 93M47F4H9T;
				GENERATE_INFOPLIST_FILE = YES;
				MACOSX_DEPLOYMENT_TARGET = 27.0;
				MARKETING_VERSION = 1.0;
				PRODUCT_BUNDLE_IDENTIFIER = no.blogspot.RawCullSAM3Tests;
				PRODUCT_NAME = "$(TARGET_NAME)";
				STRING_CATALOG_GENERATE_SYMBOLS = NO;
				SWIFT_APPROACHABLE_CONCURRENCY = YES;
				SWIFT_DEFAULT_ACTOR_ISOLATION = MainActor;
				SWIFT_EMIT_LOC_STRINGS = NO;
				SWIFT_UPCOMING_FEATURE_DISABLE_OUTWARD_ACTOR_ISOLATION = YES;
				SWIFT_UPCOMING_FEATURE_MEMBER_IMPORT_VISIBILITY = YES;
				SWIFT_VERSION = 6.0;
				TEST_HOST = "$(BUILT_PRODUCTS_DIR)/RawCullSAM3.app/$(BUNDLE_EXECUTABLE_FOLDER_PATH)/RawCullSAM3";
			};
			name = Release;
		};
		A00000000000000000000012 /* Debug */ = {
			isa = XCBuildConfiguration;
			buildSettings = {
				CLANG_ENABLE_MODULES = YES;
				CODE_SIGN_ENTITLEMENTS = RawCullSAM3MaskBuilder.entitlements;
				CODE_SIGN_STYLE = Automatic;
				CURRENT_PROJECT_VERSION = 110;
				DEAD_CODE_STRIPPING = YES;
				DEVELOPMENT_TEAM = 93M47F4H9T;
				ENABLE_APP_SANDBOX = YES;
				ENABLE_HARDENED_RUNTIME = YES;
				ENABLE_USER_SELECTED_FILES = NO;
				EXCLUDED_SOURCE_FILE_NAMES = (
					Kernels.ci.metal,
					"Resources/Models/**",
					"Resources/Models/*",
					metadata.json,
					tokenizer.json,
					tokenizer_config.json,
					special_tokens_map.json,
					vocab.json,
					merges.txt,
					"*.hash",
					"*.mlirb",
					"*.aimodel",
					"*.aimodelc",
				);
				GENERATE_INFOPLIST_FILE = NO;
				LD_RUNPATH_SEARCH_PATHS = (
					"$(inherited)",
					"@executable_path/../Frameworks",
					"@executable_path/../../Frameworks",
				);
				MACOSX_DEPLOYMENT_TARGET = 27.0;
				MARKETING_VERSION = 2.1.0;
				PRODUCT_BUNDLE_IDENTIFIER = no.blogspot.RawCullSAM3.MaskBuilder;
				PRODUCT_NAME = "$(TARGET_NAME)";
				SKIP_INSTALL = YES;
				SWIFT_ACTIVE_COMPILATION_CONDITIONS = "DEBUG SAM3_MASK_BUILDER $(inherited)";
				SWIFT_APPROACHABLE_CONCURRENCY = YES;
				SWIFT_DEFAULT_ACTOR_ISOLATION = MainActor;
				SWIFT_EMIT_LOC_STRINGS = NO;
				SWIFT_OPTIMIZATION_LEVEL = "-Onone";
				SWIFT_UPCOMING_FEATURE_DISABLE_OUTWARD_ACTOR_ISOLATION = YES;
				SWIFT_UPCOMING_FEATURE_MEMBER_IMPORT_VISIBILITY = NO;
				SWIFT_VERSION = 6.0;
			};
			name = Debug;
		};
		A00000000000000000000013 /* Release */ = {
			isa = XCBuildConfiguration;
			buildSettings = {
				CLANG_ENABLE_MODULES = YES;
				CODE_SIGN_ENTITLEMENTS = RawCullSAM3MaskBuilder.entitlements;
				CODE_SIGN_STYLE = Automatic;
				CURRENT_PROJECT_VERSION = 110;
				DEAD_CODE_STRIPPING = YES;
				DEVELOPMENT_TEAM = 93M47F4H9T;
				ENABLE_APP_SANDBOX = YES;
				ENABLE_HARDENED_RUNTIME = YES;
				ENABLE_USER_SELECTED_FILES = NO;
				EXCLUDED_SOURCE_FILE_NAMES = (
					Kernels.ci.metal,
					"Resources/Models/**",
					"Resources/Models/*",
					metadata.json,
					tokenizer.json,
					tokenizer_config.json,
					special_tokens_map.json,
					vocab.json,
					merges.txt,
					"*.hash",
					"*.mlirb",
					"*.aimodel",
					"*.aimodelc",
				);
				GENERATE_INFOPLIST_FILE = NO;
				LD_RUNPATH_SEARCH_PATHS = (
					"$(inherited)",
					"@executable_path/../Frameworks",
					"@executable_path/../../Frameworks",
				);
				MACOSX_DEPLOYMENT_TARGET = 27.0;
				MARKETING_VERSION = 2.1.0;
				PRODUCT_BUNDLE_IDENTIFIER = no.blogspot.RawCullSAM3.MaskBuilder;
				PRODUCT_NAME = "$(TARGET_NAME)";
				SKIP_INSTALL = YES;
				SWIFT_ACTIVE_COMPILATION_CONDITIONS = "SAM3_MASK_BUILDER $(inherited)";
				SWIFT_APPROACHABLE_CONCURRENCY = YES;
				SWIFT_DEFAULT_ACTOR_ISOLATION = MainActor;
				SWIFT_EMIT_LOC_STRINGS = NO;
				SWIFT_UPCOMING_FEATURE_DISABLE_OUTWARD_ACTOR_ISOLATION = YES;
				SWIFT_UPCOMING_FEATURE_MEMBER_IMPORT_VISIBILITY = NO;
				SWIFT_VERSION = 6.0;
			};
			name = Release;
		};
		E90B07AB2F1E58EB00A95D4A /* Debug */ = {
			isa = XCBuildConfiguration;
			buildSettings = {
				ALWAYS_SEARCH_USER_PATHS = NO;
				ASSETCATALOG_COMPILER_GENERATE_SWIFT_ASSET_SYMBOL_EXTENSIONS = YES;
				CLANG_ANALYZER_NONNULL = YES;
				CLANG_ANALYZER_NUMBER_OBJECT_CONVERSION = YES_AGGRESSIVE;
				CLANG_CXX_LANGUAGE_STANDARD = "gnu++20";
				CLANG_ENABLE_MODULES = YES;
				CLANG_ENABLE_OBJC_ARC = YES;
				CLANG_ENABLE_OBJC_WEAK = YES;
				CLANG_WARN_BLOCK_CAPTURE_AUTORELEASING = YES;
				CLANG_WARN_BOOL_CONVERSION = YES;
				CLANG_WARN_COMMA = YES;
				CLANG_WARN_CONSTANT_CONVERSION = YES;
				CLANG_WARN_DEPRECATED_OBJC_IMPLEMENTATIONS = YES;
				CLANG_WARN_DIRECT_OBJC_ISA_USAGE = YES_ERROR;
				CLANG_WARN_DOCUMENTATION_COMMENTS = YES;
				CLANG_WARN_EMPTY_BODY = YES;
				CLANG_WARN_ENUM_CONVERSION = YES;
				CLANG_WARN_INFINITE_RECURSION = YES;
				CLANG_WARN_INT_CONVERSION = YES;
				CLANG_WARN_NON_LITERAL_NULL_CONVERSION = YES;
				CLANG_WARN_OBJC_IMPLICIT_RETAIN_SELF = YES;
				CLANG_WARN_OBJC_LITERAL_CONVERSION = YES;
				CLANG_WARN_OBJC_ROOT_CLASS = YES_ERROR;
				CLANG_WARN_QUOTED_INCLUDE_IN_FRAMEWORK_HEADER = YES;
				CLANG_WARN_RANGE_LOOP_ANALYSIS = YES;
				CLANG_WARN_STRICT_PROTOTYPES = YES;
				CLANG_WARN_SUSPICIOUS_MOVE = YES;
				CLANG_WARN_UNGUARDED_AVAILABILITY = YES_AGGRESSIVE;
				CLANG_WARN_UNREACHABLE_CODE = YES;
				CLANG_WARN__DUPLICATE_METHOD_MATCH = YES;
				COPY_PHASE_STRIP = NO;
				DEAD_CODE_STRIPPING = YES;
				DEBUG_INFORMATION_FORMAT = dwarf;
				DEVELOPMENT_TEAM = 93M47F4H9T;
				ENABLE_STRICT_OBJC_MSGSEND = YES;
				ENABLE_TESTABILITY = YES;
				ENABLE_USER_SCRIPT_SANDBOXING = YES;
				GCC_C_LANGUAGE_STANDARD = gnu17;
				GCC_DYNAMIC_NO_PIC = NO;
				GCC_NO_COMMON_BLOCKS = YES;
				GCC_OPTIMIZATION_LEVEL = 0;
				GCC_PREPROCESSOR_DEFINITIONS = (
					"DEBUG=1",
					"$(inherited)",
				);
				GCC_WARN_64_TO_32_BIT_CONVERSION = YES;
				GCC_WARN_ABOUT_RETURN_TYPE = YES_ERROR;
				GCC_WARN_UNDECLARED_SELECTOR = YES;
				GCC_WARN_UNINITIALIZED_AUTOS = YES_AGGRESSIVE;
				GCC_WARN_UNUSED_FUNCTION = YES;
				GCC_WARN_UNUSED_VARIABLE = YES;
				LOCALIZATION_PREFERS_STRING_CATALOGS = YES;
				MACOSX_DEPLOYMENT_TARGET = 27.0;
				MTL_ENABLE_DEBUG_INFO = INCLUDE_SOURCE;
				MTL_FAST_MATH = YES;
				ONLY_ACTIVE_ARCH = YES;
				SDKROOT = macosx;
				STRING_CATALOG_GENERATE_SYMBOLS = YES;
				SWIFT_ACTIVE_COMPILATION_CONDITIONS = "DEBUG $(inherited)";
				SWIFT_OPTIMIZATION_LEVEL = "-Onone";
			};
			name = Debug;
		};
		E90B07AC2F1E58EB00A95D4A /* Release */ = {
			isa = XCBuildConfiguration;
			buildSettings = {
				ALWAYS_SEARCH_USER_PATHS = NO;
				ASSETCATALOG_COMPILER_GENERATE_SWIFT_ASSET_SYMBOL_EXTENSIONS = YES;
				CLANG_ANALYZER_NONNULL = YES;
				CLANG_ANALYZER_NUMBER_OBJECT_CONVERSION = YES_AGGRESSIVE;
				CLANG_CXX_LANGUAGE_STANDARD = "gnu++20";
				CLANG_ENABLE_MODULES = YES;
				CLANG_ENABLE_OBJC_ARC = YES;
				CLANG_ENABLE_OBJC_WEAK = YES;
				CLANG_WARN_BLOCK_CAPTURE_AUTORELEASING = YES;
				CLANG_WARN_BOOL_CONVERSION = YES;
				CLANG_WARN_COMMA = YES;
				CLANG_WARN_CONSTANT_CONVERSION = YES;
				CLANG_WARN_DEPRECATED_OBJC_IMPLEMENTATIONS = YES;
				CLANG_WARN_DIRECT_OBJC_ISA_USAGE = YES_ERROR;
				CLANG_WARN_DOCUMENTATION_COMMENTS = YES;
				CLANG_WARN_EMPTY_BODY = YES;
				CLANG_WARN_ENUM_CONVERSION = YES;
				CLANG_WARN_INFINITE_RECURSION = YES;
				CLANG_WARN_INT_CONVERSION = YES;
				CLANG_WARN_NON_LITERAL_NULL_CONVERSION = YES;
				CLANG_WARN_OBJC_IMPLICIT_RETAIN_SELF = YES;
				CLANG_WARN_OBJC_LITERAL_CONVERSION = YES;
				CLANG_WARN_OBJC_ROOT_CLASS = YES_ERROR;
				CLANG_WARN_QUOTED_INCLUDE_IN_FRAMEWORK_HEADER = YES;
				CLANG_WARN_RANGE_LOOP_ANALYSIS = YES;
				CLANG_WARN_STRICT_PROTOTYPES = YES;
				CLANG_WARN_SUSPICIOUS_MOVE = YES;
				CLANG_WARN_UNGUARDED_AVAILABILITY = YES_AGGRESSIVE;
				CLANG_WARN_UNREACHABLE_CODE = YES;
				CLANG_WARN__DUPLICATE_METHOD_MATCH = YES;
				COPY_PHASE_STRIP = NO;
				DEAD_CODE_STRIPPING = YES;
				DEBUG_INFORMATION_FORMAT = "dwarf-with-dsym";
				DEVELOPMENT_TEAM = 93M47F4H9T;
				ENABLE_NS_ASSERTIONS = NO;
				ENABLE_STRICT_OBJC_MSGSEND = YES;
				ENABLE_USER_SCRIPT_SANDBOXING = YES;
				GCC_C_LANGUAGE_STANDARD = gnu17;
				GCC_NO_COMMON_BLOCKS = YES;
				GCC_WARN_64_TO_32_BIT_CONVERSION = YES;
				GCC_WARN_ABOUT_RETURN_TYPE = YES_ERROR;
				GCC_WARN_UNDECLARED_SELECTOR = YES;
				GCC_WARN_UNINITIALIZED_AUTOS = YES_AGGRESSIVE;
				GCC_WARN_UNUSED_FUNCTION = YES;
				GCC_WARN_UNUSED_VARIABLE = YES;
				LOCALIZATION_PREFERS_STRING_CATALOGS = YES;
				MACOSX_DEPLOYMENT_TARGET = 27.0;
				MTL_ENABLE_DEBUG_INFO = NO;
				MTL_FAST_MATH = YES;
				SDKROOT = macosx;
				STRING_CATALOG_GENERATE_SYMBOLS = YES;
				SWIFT_COMPILATION_MODE = wholemodule;
			};
			name = Release;
		};
		E90B07AE2F1E58EB00A95D4A /* Debug */ = {
			isa = XCBuildConfiguration;
			buildSettings = {
				ASSETCATALOG_COMPILER_APPICON_NAME = RawCullicon;
				ASSETCATALOG_COMPILER_GLOBAL_ACCENT_COLOR_NAME = AccentColor;
				ASSETCATALOG_COMPILER_INCLUDE_ALL_APPICON_ASSETS = NO;
				AUTOMATION_APPLE_EVENTS = NO;
				CODE_SIGN_ENTITLEMENTS = RawCullSAM3.entitlements;
				CODE_SIGN_STYLE = Automatic;
				COMBINE_HIDPI_IMAGES = YES;
				CURRENT_PROJECT_VERSION = 118;
				DEAD_CODE_STRIPPING = YES;
				DEVELOPMENT_TEAM = 93M47F4H9T;
				ENABLE_APP_SANDBOX = YES;
				ENABLE_HARDENED_RUNTIME = YES;
				ENABLE_INCOMING_NETWORK_CONNECTIONS = NO;
				ENABLE_OUTGOING_NETWORK_CONNECTIONS = NO;
				ENABLE_PREVIEWS = YES;
				ENABLE_RESOURCE_ACCESS_AUDIO_INPUT = NO;
				ENABLE_RESOURCE_ACCESS_BLUETOOTH = NO;
				ENABLE_RESOURCE_ACCESS_CALENDARS = NO;
				ENABLE_RESOURCE_ACCESS_CAMERA = NO;
				ENABLE_RESOURCE_ACCESS_CONTACTS = NO;
				ENABLE_RESOURCE_ACCESS_LOCATION = NO;
				ENABLE_RESOURCE_ACCESS_PHOTO_LIBRARY = NO;
				ENABLE_RESOURCE_ACCESS_PRINTING = NO;
				ENABLE_RESOURCE_ACCESS_USB = NO;
				ENABLE_USER_SELECTED_FILES = readwrite;
				EXCLUDED_SOURCE_FILE_NAMES = (
					"Resources/Models/**",
					"Resources/Models/*",
					metadata.json,
					tokenizer.json,
					tokenizer_config.json,
					special_tokens_map.json,
					vocab.json,
					merges.txt,
					"*.hash",
					"*.mlirb",
					"*.aimodel",
					"*.aimodelc",
				);
				GENERATE_INFOPLIST_FILE = YES;
				INFOPLIST_KEY_LSApplicationCategoryType = "public.app-category.photography";
				INFOPLIST_KEY_NSHumanReadableCopyright = "";
				LD_RUNPATH_SEARCH_PATHS = (
					"$(inherited)",
					"@executable_path/../Frameworks",
				);
				MARKETING_VERSION = 2.1.7;
				MTLLINKER_FLAGS = "-fcikernel";
				MTL_COMPILER_FLAGS = "-fcikernel";
				MTL_LANGUAGE_REVISION = Metal40;
				OTHER_METAL_FLAGS = "-fcikernel";
				OTHER_MTLLINKER_FLAGS = "-cikernel";
				PRODUCT_BUNDLE_IDENTIFIER = no.blogspot.RawCullSAM3;
				PRODUCT_NAME = "$(TARGET_NAME)";
				REGISTER_APP_GROUPS = YES;
				RUNTIME_EXCEPTION_ALLOW_DYLD_ENVIRONMENT_VARIABLES = NO;
				RUNTIME_EXCEPTION_ALLOW_JIT = NO;
				RUNTIME_EXCEPTION_ALLOW_UNSIGNED_EXECUTABLE_MEMORY = NO;
				RUNTIME_EXCEPTION_DEBUGGING_TOOL = NO;
				RUNTIME_EXCEPTION_DISABLE_EXECUTABLE_PAGE_PROTECTION = NO;
				RUNTIME_EXCEPTION_DISABLE_LIBRARY_VALIDATION = NO;
				STRING_CATALOG_GENERATE_SYMBOLS = YES;
				SWIFT_APPROACHABLE_CONCURRENCY = YES;
				SWIFT_DEFAULT_ACTOR_ISOLATION = MainActor;
				SWIFT_EMIT_LOC_STRINGS = YES;
				SWIFT_UPCOMING_FEATURE_DISABLE_OUTWARD_ACTOR_ISOLATION = YES;
				SWIFT_UPCOMING_FEATURE_MEMBER_IMPORT_VISIBILITY = NO;
				SWIFT_VERSION = 6.0;
			};
			name = Debug;
		};
		E90B07AF2F1E58EB00A95D4A /* Release */ = {
			isa = XCBuildConfiguration;
			buildSettings = {
				ASSETCATALOG_COMPILER_APPICON_NAME = RawCullicon;
				ASSETCATALOG_COMPILER_GLOBAL_ACCENT_COLOR_NAME = AccentColor;
				ASSETCATALOG_COMPILER_INCLUDE_ALL_APPICON_ASSETS = NO;
				AUTOMATION_APPLE_EVENTS = NO;
				CODE_SIGN_ENTITLEMENTS = RawCullSAM3.entitlements;
				CODE_SIGN_STYLE = Automatic;
				COMBINE_HIDPI_IMAGES = YES;
				CURRENT_PROJECT_VERSION = 118;
				DEAD_CODE_STRIPPING = YES;
				DEVELOPMENT_TEAM = 93M47F4H9T;
				ENABLE_APP_SANDBOX = YES;
				ENABLE_HARDENED_RUNTIME = YES;
				ENABLE_INCOMING_NETWORK_CONNECTIONS = NO;
				ENABLE_OUTGOING_NETWORK_CONNECTIONS = NO;
				ENABLE_PREVIEWS = YES;
				ENABLE_RESOURCE_ACCESS_AUDIO_INPUT = NO;
				ENABLE_RESOURCE_ACCESS_BLUETOOTH = NO;
				ENABLE_RESOURCE_ACCESS_CALENDARS = NO;
				ENABLE_RESOURCE_ACCESS_CAMERA = NO;
				ENABLE_RESOURCE_ACCESS_CONTACTS = NO;
				ENABLE_RESOURCE_ACCESS_LOCATION = NO;
				ENABLE_RESOURCE_ACCESS_PHOTO_LIBRARY = NO;
				ENABLE_RESOURCE_ACCESS_PRINTING = NO;
				ENABLE_RESOURCE_ACCESS_USB = NO;
				ENABLE_USER_SELECTED_FILES = readwrite;
				EXCLUDED_SOURCE_FILE_NAMES = (
					"Resources/Models/**",
					"Resources/Models/*",
					metadata.json,
					tokenizer.json,
					tokenizer_config.json,
					special_tokens_map.json,
					vocab.json,
					merges.txt,
					"*.hash",
					"*.mlirb",
					"*.aimodel",
					"*.aimodelc",
				);
				GENERATE_INFOPLIST_FILE = YES;
				INFOPLIST_KEY_LSApplicationCategoryType = "public.app-category.photography";
				INFOPLIST_KEY_NSHumanReadableCopyright = "";
				LD_RUNPATH_SEARCH_PATHS = (
					"$(inherited)",
					"@executable_path/../Frameworks",
				);
				MARKETING_VERSION = 2.1.7;
				MTLLINKER_FLAGS = "-fcikernel";
				MTL_COMPILER_FLAGS = "-fcikernel";
				MTL_LANGUAGE_REVISION = Metal40;
				OTHER_METAL_FLAGS = "-fcikernel";
				OTHER_MTLLINKER_FLAGS = "-cikernel";
				PRODUCT_BUNDLE_IDENTIFIER = no.blogspot.RawCullSAM3;
				PRODUCT_NAME = "$(TARGET_NAME)";
				REGISTER_APP_GROUPS = YES;
				RUNTIME_EXCEPTION_ALLOW_DYLD_ENVIRONMENT_VARIABLES = NO;
				RUNTIME_EXCEPTION_ALLOW_JIT = NO;
				RUNTIME_EXCEPTION_ALLOW_UNSIGNED_EXECUTABLE_MEMORY = NO;
				RUNTIME_EXCEPTION_DEBUGGING_TOOL = NO;
				RUNTIME_EXCEPTION_DISABLE_EXECUTABLE_PAGE_PROTECTION = NO;
				RUNTIME_EXCEPTION_DISABLE_LIBRARY_VALIDATION = NO;
				STRING_CATALOG_GENERATE_SYMBOLS = YES;
				SWIFT_APPROACHABLE_CONCURRENCY = YES;
				SWIFT_DEFAULT_ACTOR_ISOLATION = MainActor;
				SWIFT_EMIT_LOC_STRINGS = YES;
				SWIFT_UPCOMING_FEATURE_DISABLE_OUTWARD_ACTOR_ISOLATION = YES;
				SWIFT_UPCOMING_FEATURE_MEMBER_IMPORT_VISIBILITY = NO;
				SWIFT_VERSION = 6.0;
			};
			name = Release;
		};
/* End XCBuildConfiguration section */

/* Begin XCConfigurationList section */
		A00000000000000000000011 /* Build configuration list for PBXNativeTarget "RawCullSAM3MaskBuilder" */ = {
			isa = XCConfigurationList;
			buildConfigurations = (
				A00000000000000000000012 /* Debug */,
				A00000000000000000000013 /* Release */,
			);
			defaultConfigurationIsVisible = 0;
			defaultConfigurationName = Release;
		};
		BBEE5E760C504CEFAD52FE05 /* Build configuration list for PBXNativeTarget "RawCullSAM3Tests" */ = {
			isa = XCConfigurationList;
			buildConfigurations = (
				3B4D25F32B64430EBE72C256 /* Debug */,
				5446551D2F7545E99CE9098E /* Release */,
			);
			defaultConfigurationIsVisible = 0;
			defaultConfigurationName = Release;
		};
		E90B079D2F1E58EA00A95D4A /* Build configuration list for PBXProject "RawCullSAM3" */ = {
			isa = XCConfigurationList;
			buildConfigurations = (
				E90B07AB2F1E58EB00A95D4A /* Debug */,
				E90B07AC2F1E58EB00A95D4A /* Release */,
			);
			defaultConfigurationIsVisible = 0;
			defaultConfigurationName = Release;
		};
		E90B07AD2F1E58EB00A95D4A /* Build configuration list for PBXNativeTarget "RawCullSAM3" */ = {
			isa = XCConfigurationList;
			buildConfigurations = (
				E90B07AE2F1E58EB00A95D4A /* Debug */,
				E90B07AF2F1E58EB00A95D4A /* Release */,
			);
			defaultConfigurationIsVisible = 0;
			defaultConfigurationName = Release;
		};
/* End XCConfigurationList section */

/* Begin XCRemoteSwiftPackageReference section */
		E92712B12F2CF57E00A681D0 /* XCRemoteSwiftPackageReference "RsyncArguments" */ = {
			isa = XCRemoteSwiftPackageReference;
			repositoryURL = "https://github.com/rsyncOSX/RsyncArguments";
			requirement = {
				kind = exactVersion;
				version = 1.0.0;
			};
		};
		E952AA602F2E37170081987F /* XCRemoteSwiftPackageReference "ParseRsyncOutput" */ = {
			isa = XCRemoteSwiftPackageReference;
			repositoryURL = "https://github.com/rsyncOSX/ParseRsyncOutput";
			requirement = {
				kind = exactVersion;
				version = 1.0.0;
			};
		};
		E9634D6A2FD1D1A0009E567D /* XCRemoteSwiftPackageReference "RawCullCore" */ = {
			isa = XCRemoteSwiftPackageReference;
			repositoryURL = "https://github.com/rsyncOSX/RawCullCore.git";
			requirement = {
				kind = exactVersion;
				version = 1.1.0;
			};
		};
		E9634D6D2FD1D1B9009E567D /* XCRemoteSwiftPackageReference "RawParserKit" */ = {
			isa = XCRemoteSwiftPackageReference;
			repositoryURL = "https://github.com/rsyncOSX/RawParserKit.git";
			requirement = {
				kind = exactVersion;
				version = 1.1.0;
			};
		};
		E9A110012F37A00000CA1A13 /* XCRemoteSwiftPackageReference "coreai-models" */ = {
			isa = XCRemoteSwiftPackageReference;
			repositoryURL = "https://github.com/apple/coreai-models.git";
			requirement = {
				branch = main;
				kind = branch;
			};
		};
		E9B609832F28FA3600704081 /* XCRemoteSwiftPackageReference "DecodeEncodeGeneric" */ = {
			isa = XCRemoteSwiftPackageReference;
			repositoryURL = "https://github.com/rsyncOSX/DecodeEncodeGeneric.git";
			requirement = {
				kind = exactVersion;
				version = 1.0.0;
			};
		};
		E9C5897B2F2CA0AC00D8B063 /* XCRemoteSwiftPackageReference "RsyncProcessStreaming" */ = {
			isa = XCRemoteSwiftPackageReference;
			repositoryURL = "https://github.com/rsyncOSX/RsyncProcessStreaming";
			requirement = {
				kind = exactVersion;
				version = 1.0.0;
			};
		};
		E9D876E42F3B053B00119643 /* XCRemoteSwiftPackageReference "RsyncAnalyse" */ = {
			isa = XCRemoteSwiftPackageReference;
			repositoryURL = "https://github.com/rsyncOSX/RsyncAnalyse";
			requirement = {
				kind = exactVersion;
				version = 1.0.0;
			};
		};
/* End XCRemoteSwiftPackageReference section */

/* Begin XCSwiftPackageProductDependency section */
		B9E553169D0B46E0B6F5FE4F /* RawCullCore */ = {
			isa = XCSwiftPackageProductDependency;
			package = E9634D6A2FD1D1A0009E567D /* XCRemoteSwiftPackageReference "RawCullCore" */;
			productName = RawCullCore;
		};
		E92712B22F2CF57E00A681D0 /* RsyncArguments */ = {
			isa = XCSwiftPackageProductDependency;
			package = E92712B12F2CF57E00A681D0 /* XCRemoteSwiftPackageReference "RsyncArguments" */;
			productName = RsyncArguments;
		};
		E952AA612F2E37170081987F /* ParseRsyncOutput */ = {
			isa = XCSwiftPackageProductDependency;
			package = E952AA602F2E37170081987F /* XCRemoteSwiftPackageReference "ParseRsyncOutput" */;
			productName = ParseRsyncOutput;
		};
		E9634D6B2FD1D1A0009E567D /* RawCullCore */ = {
			isa = XCSwiftPackageProductDependency;
			package = E9634D6A2FD1D1A0009E567D /* XCRemoteSwiftPackageReference "RawCullCore" */;
			productName = RawCullCore;
		};
		E9634D6E2FD1D1B9009E567D /* RawParserKit */ = {
			isa = XCSwiftPackageProductDependency;
			package = E9634D6D2FD1D1B9009E567D /* XCRemoteSwiftPackageReference "RawParserKit" */;
			productName = RawParserKit;
		};
		E9A110022F37A00000CA1A13 /* CoreAISegmentation */ = {
			isa = XCSwiftPackageProductDependency;
			package = E9A110012F37A00000CA1A13 /* XCRemoteSwiftPackageReference "coreai-models" */;
			productName = CoreAISegmentation;
		};
		E9B609842F28FA3600704081 /* DecodeEncodeGeneric */ = {
			isa = XCSwiftPackageProductDependency;
			package = E9B609832F28FA3600704081 /* XCRemoteSwiftPackageReference "DecodeEncodeGeneric" */;
			productName = DecodeEncodeGeneric;
		};
		E9C5897C2F2CA0AC00D8B063 /* RsyncProcessStreaming */ = {
			isa = XCSwiftPackageProductDependency;
			package = E9C5897B2F2CA0AC00D8B063 /* XCRemoteSwiftPackageReference "RsyncProcessStreaming" */;
			productName = RsyncProcessStreaming;
		};
		E9D876E52F3B053B00119643 /* RsyncAnalyse */ = {
			isa = XCSwiftPackageProductDependency;
			package = E9D876E42F3B053B00119643 /* XCRemoteSwiftPackageReference "RsyncAnalyse" */;
			productName = RsyncAnalyse;
		};
/* End XCSwiftPackageProductDependency section */
	};
	rootObject = E90B079A2F1E58EA00A95D4A /* Project object */;
}
